// !$*UTF8*$!
{
	archiveVersion = 1;
	classes = {
	};
	objectVersion = 55;
	objects = {

/* Begin PBXFileReference section */
		006D6AAC2803F97C0074F2C0 /* index.html */ = {isa = PBXFileReference; lastKnownFileType = text.html; path = index.html; sourceTree = "<group>"; };
/* End PBXFileReference section */

/* Begin PBXGroup section */
		006D6AA52803F7FC0074F2C0 = {
			isa = PBXGroup;
			children = (
				006D6AAC2803F97C0074F2C0 /* index.html */,
			);
			sourceTree = "<group>";
		};
/* End PBXGroup section */

/* Begin PBXProject section */
		006D6AA62803F7FC0074F2C0 /* Project object */ = {
			isa = PBXProject;
			attributes = {
				BuildIndependentTargetsInParallel = 1;
				LastUpgradeCheck = 1330;
			};
			buildConfigurationList = 006D6AA92803F7FC0074F2C0 /* Build configuration list for PBXProject "Campaign Website" */;
			compatibilityVersion = "Xcode 13.0";
			developmentRegion = en;
			hasScannedForEncodings = 0;
			knownRegions = (
				en,
				Base,
			);
			mainGroup = 006D6AA52803F7FC0074F2C0;
			projectDirPath = "";
			projectRoot = "";
			targets = (
			);
		};
/* End PBXProject section */

/* Begin XCBuildConfiguration section */
		006D6AAA2803F7FC0074F2C0 /* Debug */ = {
			isa = XCBuildConfiguration;
			buildSettings = {
			};
			name = Debug;
		};
		006D6AAB2803F7FC0074F2C0 /* Release */ = {
			isa = XCBuildConfiguration;
			buildSettings = {
			};
			name = Release;
		};
/* End XCBuildConfiguration section */

/* Begin XCConfigurationList section */
		006D6AA92803F7FC0074F2C0 /* Build configuration list for PBXProject "Campaign Website" */ = {
			isa = XCConfigurationList;
			buildConfigurations = (
				006D6AAA2803F7FC0074F2C0 /* Debug */,
				006D6AAB2803F7FC0074F2C0 /* Release */,
			);
			defaultConfigurationIsVisible = 0;
			defaultConfigurationName = Release;
		};
/* End XCConfigurationList section */
	};
	rootObject = 006D6AA62803F7FC0074F2C0 /* Project object */;
}
